// !$*UTF8*$!
{
	archiveVersion = 1;
	classes = {
	};
	objectVersion = 46;
	objects = {

/* Begin PBXBuildFile section */
		2BA72DA31E1BCC5B00B559DB /* AppDelegate.swift in Sources */ = {isa = PBXBuildFile; fileRef = 2BA72DA21E1BCC5B00B559DB /* AppDelegate.swift */; };
		2BA72DA51E1BCC5B00B559DB /* ViewController.swift in Sources */ = {isa = PBXBuildFile; fileRef = 2BA72DA41E1BCC5B00B559DB /* ViewController.swift */; };
		2BA72DA81E1BCC5B00B559DB /* Main.storyboard in Resources */ = {isa = PBXBuildFile; fileRef = 2BA72DA61E1BCC5B00B559DB /* Main.storyboard */; };
		2BA72DAA1E1BCC5B00B559DB /* Assets.xcassets in Resources */ = {isa = PBXBuildFile; fileRef = 2BA72DA91E1BCC5B00B559DB /* Assets.xcassets */; };
		2BA72DAD1E1BCC5B00B559DB /* LaunchScreen.storyboard in Resources */ = {isa = PBXBuildFile; fileRef = 2BA72DAB1E1BCC5B00B559DB /* LaunchScreen.storyboard */; };
/* End PBXBuildFile section */

/* Begin PBXFileReference section */
		2BA72D9F1E1BCC5B00B559DB /* SampleDataStorage.app */ = {isa = PBXFileReference; explicitFileType = wrapper.application; includeInIndex = 0; path = SampleDataStorage.app; sourceTree = BUILT_PRODUCTS_DIR; };
		2BA72DA21E1BCC5B00B559DB /* AppDelegate.swift */ = {isa = PBXFileReference; lastKnownFileType = sourcecode.swift; path = AppDelegate.swift; sourceTree = "<group>"; };
		2BA72DA41E1BCC5B00B559DB /* ViewController.swift */ = {isa = PBXFileReference; lastKnownFileType = sourcecode.swift; path = ViewController.swift; sourceTree = "<group>"; };
		2BA72DA71E1BCC5B00B559DB /* Base */ = {isa = PBXFileReference; lastKnownFileType = file.storyboard; name = Base; path = Base.lproj/Main.storyboard; sourceTree = "<group>"; };
		2BA72DA91E1BCC5B00B559DB /* Assets.xcassets */ = {isa = PBXFileReference; lastKnownFileType = folder.assetcatalog; path = Assets.xcassets; sourceTree = "<group>"; };
		2BA72DAC1E1BCC5B00B559DB /* Base */ = {isa = PBXFileReference; lastKnownFileType = file.storyboard; name = Base; path = Base.lproj/LaunchScreen.storyboard; sourceTree = "<group>"; };
		2BA72DAE1E1BCC5B00B559DB /* Info.plist */ = {isa = PBXFileReference; lastKnownFileType = text.plist.xml; path = Info.plist; sourceTree = "<group>"; };
/* End PBXFileReference section */

/* Begin PBXFrameworksBuildPhase section */
		2BA72D9C1E1BCC5B00B559DB /* Frameworks */ = {
			isa = PBXFrameworksBuildPhase;
			buildActionMask = 2147483647;
			files = (
			);
			runOnlyForDeploymentPostprocessing = 0;
		};
/* End PBXFrameworksBuildPhase section */

/* Begin PBXGroup section */
		2BA72D961E1BCC5B00B559DB = {
			isa = PBXGroup;
			children = (
				2BA72DA11E1BCC5B00B559DB /* SampleDataStorage */,
				2BA72DA01E1BCC5B00B559DB /* Products */,
			);
			sourceTree = "<group>";
		};
		2BA72DA01E1BCC5B00B559DB /* Products */ = {
			isa = PBXGroup;
			children = (
				2BA72D9F1E1BCC5B00B559DB /* SampleDataStorage.app */,
			);
			name = Products;
			sourceTree = "<group>";
		};
		2BA72DA11E1BCC5B00B559DB /* SampleDataStorage */ = {
			isa = PBXGroup;
			children = (
				2BA72DA21E1BCC5B00B559DB /* AppDelegate.swift */,
				2BA72DA41E1BCC5B00B559DB /* ViewController.swift */,
				2BA72DA61E1BCC5B00B559DB /* Main.storyboard */,
				2BA72DA91E1BCC5B00B559DB /* Assets.xcassets */,
				2BA72DAB1E1BCC5B00B559DB /* LaunchScreen.storyboard */,
				2BA72DAE1E1BCC5B00B559DB /* Info.plist */,
			);
			path = SampleDataStorage;
			sourceTree = "<group>";
		};
/* End PBXGroup section */

/* Begin PBXNativeTarget section */
		2BA72D9E1E1BCC5B00B559DB /* SampleDataStorage */ = {
			isa = PBXNativeTarget;
			buildConfigurationList = 2BA72DB11E1BCC5B00B559DB /* Build configuration list for PBXNativeTarget "SampleDataStorage" */;
			buildPhases = (
				2BA72D9B1E1BCC5B00B559DB /* Sources */,
				2BA72D9C1E1BCC5B00B559DB /* Frameworks */,
				2BA72D9D1E1BCC5B00B559DB /* Resources */,
			);
			buildRules = (
			);
			dependencies = (
			);
			name = SampleDataStorage;
			productName = SampleDataStorage;
			productReference = 2BA72D9F1E1BCC5B00B559DB /* SampleDataStorage.app */;
			productType = "com.apple.product-type.application";
		};
/* End PBXNativeTarget section */

/* Begin PBXProject section */
		2BA72D971E1BCC5B00B559DB /* Project object */ = {
			isa = PBXProject;
			attributes = {
				LastSwiftUpdateCheck = 0820;
				LastUpgradeCheck = 0820;
				ORGANIZATIONNAME = "Nobuto Hachiya";
				TargetAttributes = {
					2BA72D9E1E1BCC5B00B559DB = {
						CreatedOnToolsVersion = 8.2;
						DevelopmentTeam = XVVW8L8S67;
						ProvisioningStyle = Automatic;
					};
				};
			};
			buildConfigurationList = 2BA72D9A1E1BCC5B00B559DB /* Build configuration list for PBXProject "SampleDataStorage" */;
			compatibilityVersion = "Xcode 3.2";
			developmentRegion = English;
			hasScannedForEncodings = 0;
			knownRegions = (
				en,
				Base,
			);
			mainGroup = 2BA72D961E1BCC5B00B559DB;
			productRefGroup = 2BA72DA01E1BCC5B00B559DB /* Products */;
			projectDirPath = "";
			projectRoot = "";
			targets = (
				2BA72D9E1E1BCC5B00B559DB /* SampleDataStorage */,
			);
		};
/* End PBXProject section */

/* Begin PBXResourcesBuildPhase section */
		2BA72D9D1E1BCC5B00B559DB /* Resources */ = {
			isa = PBXResourcesBuildPhase;
			buildActionMask = 2147483647;
			files = (
				2BA72DAD1E1BCC5B00B559DB /* LaunchScreen.storyboard in Resources */,
				2BA72DAA1E1BCC5B00B559DB /* Assets.xcassets in Resources */,
				2BA72DA81E1BCC5B00B559DB /* Main.storyboard in Resources */,
			);
			runOnlyForDeploymentPostprocessing = 0;
		};
/* End PBXResourcesBuildPhase section */

/* Begin PBXSourcesBuildPhase section */
		2BA72D9B1E1BCC5B00B559DB /* Sources */ = {
			isa = PBXSourcesBuildPhase;
			buildActionMask = 2147483647;
			files = (
				2BA72DA51E1BCC5B00B559DB /* ViewController.swift in Sources */,
				2BA72DA31E1BCC5B00B559DB /* AppDelegate.swift in Sources */,
			);
			runOnlyForDeploymentPostprocessing = 0;
		};
/* End PBXSourcesBuildPhase section */

/* Begin PBXVariantGroup section */
		2BA72DA61E1BCC5B00B559DB /* Main.storyboard */ = {
			isa = PBXVariantGroup;
			children = (
				2BA72DA71E1BCC5B00B559DB /* Base */,
			);
			name = Main.storyboard;
			sourceTree = "<group>";
		};
		2BA72DAB1E1BCC5B00B559DB /* LaunchScreen.storyboard */ = {
			isa = PBXVariantGroup;
			children = (
				2BA72DAC1E1BCC5B00B559DB /* Base */,
			);
			name = LaunchScreen.storyboard;
			sourceTree = "<group>";
		};
/* End PBXVariantGroup section */

/* Begin XCBuildConfiguration section */
		2BA72DAF1E1BCC5B00B559DB /* Debug */ = {
			isa = XCBuildConfiguration;
			buildSettings = {
				ALWAYS_SEARCH_USER_PATHS = NO;
				CLANG_ANALYZER_NONNULL = YES;
				CLANG_CXX_LANGUAGE_STANDARD = "gnu++0x";
				CLANG_CXX_LIBRARY = "libc++";
				CLANG_ENABLE_MODULES = YES;
				CLANG_ENABLE_OBJC_ARC = YES;
				CLANG_WARN_BOOL_CONVERSION = YES;
				CLANG_WARN_CONSTANT_CONVERSION = YES;
				CLANG_WARN_DIRECT_OBJC_ISA_USAGE = YES_ERROR;
				CLANG_WARN_DOCUMENTATION_COMMENTS = YES;
				CLANG_WARN_EMPTY_BODY = YES;
				CLANG_WARN_ENUM_CONVERSION = YES;
				CLANG_WARN_INFINITE_RECURSION = YES;
				CLANG_WARN_INT_CONVERSION = YES;
				CLANG_WARN_OBJC_ROOT_CLASS = YES_ERROR;
				CLANG_WARN_SUSPICIOUS_MOVE = YES;
				CLANG_WARN_UNREACHABLE_CODE = YES;
				CLANG_WARN__DUPLICATE_METHOD_MATCH = YES;
				"CODE_SIGN_IDENTITY[sdk=iphoneos*]" = "iPhone Developer";
				COPY_PHASE_STRIP = NO;
				DEBUG_INFORMATION_FORMAT = dwarf;
				ENABLE_STRICT_OBJC_MSGSEND = YES;
				ENABLE_TESTABILITY = YES;
				GCC_C_LANGUAGE_STANDARD = gnu99;
				GCC_DYNAMIC_NO_PIC = NO;
				GCC_NO_COMMON_BLOCKS = YES;
				GCC_OPTIMIZATION_LEVEL = 0;
				GCC_PREPROCESSOR_DEFINITIONS = (
					"DEBUG=1",
					"$(inherited)",
				);
				GCC_WARN_64_TO_32_BIT_CONVERSION = YES;
				GCC_WARN_ABOUT_RETURN_TYPE = YES_ERROR;
				GCC_WARN_UNDECLARED_SELECTOR = YES;
				GCC_WARN_UNINITIALIZED_AUTOS = YES_AGGRESSIVE;
				GCC_WARN_UNUSED_FUNCTION = YES;
				GCC_WARN_UNUSED_VARIABLE = YES;
				IPHONEOS_DEPLOYMENT_TARGET = 10.2;
				MTL_ENABLE_DEBUG_INFO = YES;
				ONLY_ACTIVE_ARCH = YES;
				SDKROOT = iphoneos;
				SWIFT_ACTIVE_COMPILATION_CONDITIONS = DEBUG;
				SWIFT_OPTIMIZATION_LEVEL = "-Onone";
			};
			name = Debug;
		};
		2BA72DB01E1BCC5B00B559DB /* Release */ = {
			isa = XCBuildConfiguration;
			buildSettings = {
				ALWAYS_SEARCH_USER_PATHS = NO;
				CLANG_ANALYZER_NONNULL = YES;
				CLANG_CXX_LANGUAGE_STANDARD = "gnu++0x";
				CLANG_CXX_LIBRARY = "libc++";
				CLANG_ENABLE_MODULES = YES;
				CLANG_ENABLE_OBJC_ARC = YES;
				CLANG_WARN_BOOL_CONVERSION = YES;
				CLANG_WARN_CONSTANT_CONVERSION = YES;
				CLANG_WARN_DIRECT_OBJC_ISA_USAGE = YES_ERROR;
				CLANG_WARN_DOCUMENTATION_COMMENTS = YES;
				CLANG_WARN_EMPTY_BODY = YES;
				CLANG_WARN_ENUM_CONVERSION = YES;
				CLANG_WARN_INFINITE_RECURSION = YES;
				CLANG_WARN_INT_CONVERSION = YES;
				CLANG_WARN_OBJC_ROOT_CLASS = YES_ERROR;
				CLANG_WARN_SUSPICIOUS_MOVE = YES;
				CLANG_WARN_UNREACHABLE_CODE = YES;
				CLANG_WARN__DUPLICATE_METHOD_MATCH = YES;
				"CODE_SIGN_IDENTITY[sdk=iphoneos*]" = "iPhone Developer";
				COPY_PHASE_STRIP = NO;
				DEBUG_INFORMATION_FORMAT = "dwarf-with-dsym";
				ENABLE_NS_ASSERTIONS = NO;
				ENABLE_STRICT_OBJC_MSGSEND = YES;
				GCC_C_LANGUAGE_STANDARD = gnu99;
				GCC_NO_COMMON_BLOCKS = YES;
				GCC_WARN_64_TO_32_BIT_CONVERSION = YES;
				GCC_WARN_ABOUT_RETURN_TYPE = YES_ERROR;
				GCC_WARN_UNDECLARED_SELECTOR = YES;
				GCC_WARN_UNINITIALIZED_AUTOS = YES_AGGRESSIVE;
				GCC_WARN_UNUSED_FUNCTION = YES;
				GCC_WARN_UNUSED_VARIABLE = YES;
				IPHONEOS_DEPLOYMENT_TARGET = 10.2;
				MTL_ENABLE_DEBUG_INFO = NO;
				SDKROOT = iphoneos;
				SWIFT_OPTIMIZATION_LEVEL = "-Owholemodule";
				VALIDATE_PRODUCT = YES;
			};
			name = Release;
		};
		2BA72DB21E1BCC5B00B559DB /* Debug */ = {
			isa = XCBuildConfiguration;
			buildSettings = {
				ASSETCATALOG_COMPILER_APPICON_NAME = AppIcon;
				DEVELOPMENT_TEAM = XVVW8L8S67;
				INFOPLIST_FILE = SampleDataStorage/Info.plist;
				LD_RUNPATH_SEARCH_PATHS = "$(inherited) @executable_path/Frameworks";
				PRODUCT_BUNDLE_IDENTIFIER = jp.nobuto.SampleDataStorage;
				PRODUCT_NAME = "$(TARGET_NAME)";
				SWIFT_VERSION = 3.0;
			};
			name = Debug;
		};
		2BA72DB31E1BCC5B00B559DB /* Release */ = {
			isa = XCBuildConfiguration;
			buildSettings = {
				ASSETCATALOG_COMPILER_APPICON_NAME = AppIcon;
				DEVELOPMENT_TEAM = XVVW8L8S67;
				INFOPLIST_FILE = SampleDataStorage/Info.plist;
				LD_RUNPATH_SEARCH_PATHS = "$(inherited) @executable_path/Frameworks";
				PRODUCT_BUNDLE_IDENTIFIER = jp.nobuto.SampleDataStorage;
				PRODUCT_NAME = "$(TARGET_NAME)";
				SWIFT_VERSION = 3.0;
			};
			name = Release;
		};
/* End XCBuildConfiguration section */

/* Begin XCConfigurationList section */
		2BA72D9A1E1BCC5B00B559DB /* Build configuration list for PBXProject "SampleDataStorage" */ = {
			isa = XCConfigurationList;
			buildConfigurations = (
				2BA72DAF1E1BCC5B00B559DB /* Debug */,
				2BA72DB01E1BCC5B00B559DB /* Release */,
			);
			defaultConfigurationIsVisible = 0;
			defaultConfigurationName = Release;
		};
		2BA72DB11E1BCC5B00B559DB /* Build configuration list for PBXNativeTarget "SampleDataStorage" */ = {
			isa = XCConfigurationList;
			buildConfigurations = (
				2BA72DB21E1BCC5B00B559DB /* Debug */,
				2BA72DB31E1BCC5B00B559DB /* Release */,
			);
			defaultConfigurationIsVisible = 0;
		};
/* End XCConfigurationList section */
	};
	rootObject = 2BA72D971E1BCC5B00B559DB /* Project object */;
}
